// !$*UTF8*$!
{
	archiveVersion = 1;
	classes = {
	};
	objectVersion = 56;
	objects = {

/* Begin PBXBuildFile section */
		AA42DAE32AA608700023BE29 /* GrayScottMetalApp.swift in Sources */ = {isa = PBXBuildFile; fileRef = AA42DAE22AA608700023BE29 /* GrayScottMetalApp.swift */; };
		AA42DAE52AA608700023BE29 /* ContentView.swift in Sources */ = {isa = PBXBuildFile; fileRef = AA42DAE42AA608700023BE29 /* ContentView.swift */; };
		AA42DAE72AA608720023BE29 /* Assets.xcassets in Resources */ = {isa = PBXBuildFile; fileRef = AA42DAE62AA608720023BE29 /* Assets.xcassets */; };
		AA42DAEA2AA608720023BE29 /* Preview Assets.xcassets in Resources */ = {isa = PBXBuildFile; fileRef = AA42DAE92AA608720023BE29 /* Preview Assets.xcassets */; };
		AA42DAF22AA608C80023BE29 /* Shaders.metal in Sources */ = {isa = PBXBuildFile; fileRef = AA42DAF12AA608C80023BE29 /* Shaders.metal */; };
		AA42DAF42AA609560023BE29 /* Colormap.swift in Sources */ = {isa = PBXBuildFile; fileRef = AA42DAF32AA609560023BE29 /* Colormap.swift */; };
		AA42DAF62AA609B60023BE29 /* Matrix.swift in Sources */ = {isa = PBXBuildFile; fileRef = AA42DAF52AA609B60023BE29 /* Matrix.swift */; };
		AA42DAF82AA609D60023BE29 /* MetalView.swift in Sources */ = {isa = PBXBuildFile; fileRef = AA42DAF72AA609D60023BE29 /* MetalView.swift */; };
		AA42DAFA2AA60A150023BE29 /* Renderer.swift in Sources */ = {isa = PBXBuildFile; fileRef = AA42DAF92AA60A150023BE29 /* Renderer.swift */; };
/* End PBXBuildFile section */

/* Begin PBXFileReference section */
		AA42DADF2AA608700023BE29 /* GrayScottMetal.app */ = {isa = PBXFileReference; explicitFileType = wrapper.application; includeInIndex = 0; path = GrayScottMetal.app; sourceTree = BUILT_PRODUCTS_DIR; };
		AA42DAE22AA608700023BE29 /* GrayScottMetalApp.swift */ = {isa = PBXFileReference; lastKnownFileType = sourcecode.swift; path = GrayScottMetalApp.swift; sourceTree = "<group>"; };
		AA42DAE42AA608700023BE29 /* ContentView.swift */ = {isa = PBXFileReference; lastKnownFileType = sourcecode.swift; path = ContentView.swift; sourceTree = "<group>"; };
		AA42DAE62AA608720023BE29 /* Assets.xcassets */ = {isa = PBXFileReference; lastKnownFileType = folder.assetcatalog; path = Assets.xcassets; sourceTree = "<group>"; };
		AA42DAE92AA608720023BE29 /* Preview Assets.xcassets */ = {isa = PBXFileReference; lastKnownFileType = folder.assetcatalog; path = "Preview Assets.xcassets"; sourceTree = "<group>"; };
		AA42DAEB2AA608720023BE29 /* GrayScottMetal.entitlements */ = {isa = PBXFileReference; lastKnownFileType = text.plist.entitlements; path = GrayScottMetal.entitlements; sourceTree = "<group>"; };
		AA42DAF12AA608C80023BE29 /* Shaders.metal */ = {isa = PBXFileReference; lastKnownFileType = sourcecode.metal; path = Shaders.metal; sourceTree = "<group>"; };
		AA42DAF32AA609560023BE29 /* Colormap.swift */ = {isa = PBXFileReference; lastKnownFileType = sourcecode.swift; path = Colormap.swift; sourceTree = "<group>"; };
		AA42DAF52AA609B60023BE29 /* Matrix.swift */ = {isa = PBXFileReference; lastKnownFileType = sourcecode.swift; path = Matrix.swift; sourceTree = "<group>"; };
		AA42DAF72AA609D60023BE29 /* MetalView.swift */ = {isa = PBXFileReference; lastKnownFileType = sourcecode.swift; path = MetalView.swift; sourceTree = "<group>"; };
		AA42DAF92AA60A150023BE29 /* Renderer.swift */ = {isa = PBXFileReference; lastKnownFileType = sourcecode.swift; path = Renderer.swift; sourceTree = "<group>"; };
/* End PBXFileReference section */

/* Begin PBXFrameworksBuildPhase section */
		AA42DADC2AA608700023BE29 /* Frameworks */ = {
			isa = PBXFrameworksBuildPhase;
			buildActionMask = 2147483647;
			files = (
			);
			runOnlyForDeploymentPostprocessing = 0;
		};
/* End PBXFrameworksBuildPhase section */

/* Begin PBXGroup section */
		AA42DAD62AA608700023BE29 = {
			isa = PBXGroup;
			children = (
				AA42DAE12AA608700023BE29 /* GrayScottMetal */,
				AA42DAE02AA608700023BE29 /* Products */,
			);
			sourceTree = "<group>";
		};
		AA42DAE02AA608700023BE29 /* Products */ = {
			isa = PBXGroup;
			children = (
				AA42DADF2AA608700023BE29 /* GrayScottMetal.app */,
			);
			name = Products;
			sourceTree = "<group>";
		};
		AA42DAE12AA608700023BE29 /* GrayScottMetal */ = {
			isa = PBXGroup;
			children = (
				AA42DAEB2AA608720023BE29 /* GrayScottMetal.entitlements */,
				AA42DAF12AA608C80023BE29 /* Shaders.metal */,
				AA42DAF32AA609560023BE29 /* Colormap.swift */,
				AA42DAE42AA608700023BE29 /* ContentView.swift */,
				AA42DAE22AA608700023BE29 /* GrayScottMetalApp.swift */,
				AA42DAF52AA609B60023BE29 /* Matrix.swift */,
				AA42DAF72AA609D60023BE29 /* MetalView.swift */,
				AA42DAF92AA60A150023BE29 /* Renderer.swift */,
				AA42DAE62AA608720023BE29 /* Assets.xcassets */,
				AA42DAE82AA608720023BE29 /* Preview Content */,
			);
			path = GrayScottMetal;
			sourceTree = "<group>";
		};
		AA42DAE82AA608720023BE29 /* Preview Content */ = {
			isa = PBXGroup;
			children = (
				AA42DAE92AA608720023BE29 /* Preview Assets.xcassets */,
			);
			path = "Preview Content";
			sourceTree = "<group>";
		};
/* End PBXGroup section */

/* Begin PBXNativeTarget section */
		AA42DADE2AA608700023BE29 /* GrayScottMetal */ = {
			isa = PBXNativeTarget;
			buildConfigurationList = AA42DAEE2AA608720023BE29 /* Build configuration list for PBXNativeTarget "GrayScottMetal" */;
			buildPhases = (
				AA42DADB2AA608700023BE29 /* Sources */,
				AA42DADC2AA608700023BE29 /* Frameworks */,
				AA42DADD2AA608700023BE29 /* Resources */,
			);
			buildRules = (
			);
			dependencies = (
			);
			name = GrayScottMetal;
			productName = GrayScottMetal;
			productReference = AA42DADF2AA608700023BE29 /* GrayScottMetal.app */;
			productType = "com.apple.product-type.application";
		};
/* End PBXNativeTarget section */

/* Begin PBXProject section */
		AA42DAD72AA608700023BE29 /* Project object */ = {
			isa = PBXProject;
			attributes = {
				BuildIndependentTargetsInParallel = 1;
				LastSwiftUpdateCheck = 1430;
				LastUpgradeCheck = 1430;
				TargetAttributes = {
					AA42DADE2AA608700023BE29 = {
						CreatedOnToolsVersion = 14.3.1;
					};
				};
			};
			buildConfigurationList = AA42DADA2AA608700023BE29 /* Build configuration list for PBXProject "GrayScottMetal" */;
			compatibilityVersion = "Xcode 14.0";
			developmentRegion = en;
			hasScannedForEncodings = 0;
			knownRegions = (
				en,
				Base,
			);
			mainGroup = AA42DAD62AA608700023BE29;
			productRefGroup = AA42DAE02AA608700023BE29 /* Products */;
			projectDirPath = "";
			projectRoot = "";
			targets = (
				AA42DADE2AA608700023BE29 /* GrayScottMetal */,
			);
		};
/* End PBXProject section */

/* Begin PBXResourcesBuildPhase section */
		AA42DADD2AA608700023BE29 /* Resources */ = {
			isa = PBXResourcesBuildPhase;
			buildActionMask = 2147483647;
			files = (
				AA42DAEA2AA608720023BE29 /* Preview Assets.xcassets in Resources */,
				AA42DAE72AA608720023BE29 /* Assets.xcassets in Resources */,
			);
			runOnlyForDeploymentPostprocessing = 0;
		};
/* End PBXResourcesBuildPhase section */

/* Begin PBXSourcesBuildPhase section */
		AA42DADB2AA608700023BE29 /* Sources */ = {
			isa = PBXSourcesBuildPhase;
			buildActionMask = 2147483647;
			files = (
				AA42DAF82AA609D60023BE29 /* MetalView.swift in Sources */,
				AA42DAF22AA608C80023BE29 /* Shaders.metal in Sources */,
				AA42DAFA2AA60A150023BE29 /* Renderer.swift in Sources */,
				AA42DAF62AA609B60023BE29 /* Matrix.swift in Sources */,
				AA42DAE52AA608700023BE29 /* ContentView.swift in Sources */,
				AA42DAF42AA609560023BE29 /* Colormap.swift in Sources */,
				AA42DAE32AA608700023BE29 /* GrayScottMetalApp.swift in Sources */,
			);
			runOnlyForDeploymentPostprocessing = 0;
		};
/* End PBXSourcesBuildPhase section */

/* Begin XCBuildConfiguration section */
		AA42DAEC2AA608720023BE29 /* Debug */ = {
			isa = XCBuildConfiguration;
			buildSettings = {
				ALWAYS_SEARCH_USER_PATHS = NO;
				CLANG_ANALYZER_NONNULL = YES;
				CLANG_ANALYZER_NUMBER_OBJECT_CONVERSION = YES_AGGRESSIVE;
				CLANG_CXX_LANGUAGE_STANDARD = "gnu++20";
				CLANG_ENABLE_MODULES = YES;
				CLANG_ENABLE_OBJC_ARC = YES;
				CLANG_ENABLE_OBJC_WEAK = YES;
				CLANG_WARN_BLOCK_CAPTURE_AUTORELEASING = YES;
				CLANG_WARN_BOOL_CONVERSION = YES;
				CLANG_WARN_COMMA = YES;
				CLANG_WARN_CONSTANT_CONVERSION = YES;
				CLANG_WARN_DEPRECATED_OBJC_IMPLEMENTATIONS = YES;
				CLANG_WARN_DIRECT_OBJC_ISA_USAGE = YES_ERROR;
				CLANG_WARN_DOCUMENTATION_COMMENTS = YES;
				CLANG_WARN_EMPTY_BODY = YES;
				CLANG_WARN_ENUM_CONVERSION = YES;
				CLANG_WARN_INFINITE_RECURSION = YES;
				CLANG_WARN_INT_CONVERSION = YES;
				CLANG_WARN_NON_LITERAL_NULL_CONVERSION = YES;
				CLANG_WARN_OBJC_IMPLICIT_RETAIN_SELF = YES;
				CLANG_WARN_OBJC_LITERAL_CONVERSION = YES;
				CLANG_WARN_OBJC_ROOT_CLASS = YES_ERROR;
				CLANG_WARN_QUOTED_INCLUDE_IN_FRAMEWORK_HEADER = YES;
				CLANG_WARN_RANGE_LOOP_ANALYSIS = YES;
				CLANG_WARN_STRICT_PROTOTYPES = YES;
				CLANG_WARN_SUSPICIOUS_MOVE = YES;
				CLANG_WARN_UNGUARDED_AVAILABILITY = YES_AGGRESSIVE;
				CLANG_WARN_UNREACHABLE_CODE = YES;
				CLANG_WARN__DUPLICATE_METHOD_MATCH = YES;
				COPY_PHASE_STRIP = NO;
				DEBUG_INFORMATION_FORMAT = dwarf;
				ENABLE_STRICT_OBJC_MSGSEND = YES;
				ENABLE_TESTABILITY = YES;
				GCC_C_LANGUAGE_STANDARD = gnu11;
				GCC_DYNAMIC_NO_PIC = NO;
				GCC_NO_COMMON_BLOCKS = YES;
				GCC_OPTIMIZATION_LEVEL = 0;
				GCC_PREPROCESSOR_DEFINITIONS = (
					"DEBUG=1",
					"$(inherited)",
				);
				GCC_WARN_64_TO_32_BIT_CONVERSION = YES;
				GCC_WARN_ABOUT_RETURN_TYPE = YES_ERROR;
				GCC_WARN_UNDECLARED_SELECTOR = YES;
				GCC_WARN_UNINITIALIZED_AUTOS = YES_AGGRESSIVE;
				GCC_WARN_UNUSED_FUNCTION = YES;
				GCC_WARN_UNUSED_VARIABLE = YES;
				MACOSX_DEPLOYMENT_TARGET = 13.3;
				MTL_ENABLE_DEBUG_INFO = INCLUDE_SOURCE;
				MTL_FAST_MATH = YES;
				ONLY_ACTIVE_ARCH = YES;
				SDKROOT = macosx;
				SWIFT_ACTIVE_COMPILATION_CONDITIONS = DEBUG;
				SWIFT_OPTIMIZATION_LEVEL = "-Onone";
			};
			name = Debug;
		};
		AA42DAED2AA608720023BE29 /* Release */ = {
			isa = XCBuildConfiguration;
			buildSettings = {
				ALWAYS_SEARCH_USER_PATHS = NO;
				CLANG_ANALYZER_NONNULL = YES;
				CLANG_ANALYZER_NUMBER_OBJECT_CONVERSION = YES_AGGRESSIVE;
				CLANG_CXX_LANGUAGE_STANDARD = "gnu++20";
				CLANG_ENABLE_MODULES = YES;
				CLANG_ENABLE_OBJC_ARC = YES;
				CLANG_ENABLE_OBJC_WEAK = YES;
				CLANG_WARN_BLOCK_CAPTURE_AUTORELEASING = YES;
				CLANG_WARN_BOOL_CONVERSION = YES;
				CLANG_WARN_COMMA = YES;
				CLANG_WARN_CONSTANT_CONVERSION = YES;
				CLANG_WARN_DEPRECATED_OBJC_IMPLEMENTATIONS = YES;
				CLANG_WARN_DIRECT_OBJC_ISA_USAGE = YES_ERROR;
				CLANG_WARN_DOCUMENTATION_COMMENTS = YES;
				CLANG_WARN_EMPTY_BODY = YES;
				CLANG_WARN_ENUM_CONVERSION = YES;
				CLANG_WARN_INFINITE_RECURSION = YES;
				CLANG_WARN_INT_CONVERSION = YES;
				CLANG_WARN_NON_LITERAL_NULL_CONVERSION = YES;
				CLANG_WARN_OBJC_IMPLICIT_RETAIN_SELF = YES;
				CLANG_WARN_OBJC_LITERAL_CONVERSION = YES;
				CLANG_WARN_OBJC_ROOT_CLASS = YES_ERROR;
				CLANG_WARN_QUOTED_INCLUDE_IN_FRAMEWORK_HEADER = YES;
				CLANG_WARN_RANGE_LOOP_ANALYSIS = YES;
				CLANG_WARN_STRICT_PROTOTYPES = YES;
				CLANG_WARN_SUSPICIOUS_MOVE = YES;
				CLANG_WARN_UNGUARDED_AVAILABILITY = YES_AGGRESSIVE;
				CLANG_WARN_UNREACHABLE_CODE = YES;
				CLANG_WARN__DUPLICATE_METHOD_MATCH = YES;
				COPY_PHASE_STRIP = NO;
				DEBUG_INFORMATION_FORMAT = "dwarf-with-dsym";
				ENABLE_NS_ASSERTIONS = NO;
				ENABLE_STRICT_OBJC_MSGSEND = YES;
				GCC_C_LANGUAGE_STANDARD = gnu11;
				GCC_NO_COMMON_BLOCKS = YES;
				GCC_WARN_64_TO_32_BIT_CONVERSION = YES;
				GCC_WARN_ABOUT_RETURN_TYPE = YES_ERROR;
				GCC_WARN_UNDECLARED_SELECTOR = YES;
				GCC_WARN_UNINITIALIZED_AUTOS = YES_AGGRESSIVE;
				GCC_WARN_UNUSED_FUNCTION = YES;
				GCC_WARN_UNUSED_VARIABLE = YES;
				MACOSX_DEPLOYMENT_TARGET = 13.3;
				MTL_ENABLE_DEBUG_INFO = NO;
				MTL_FAST_MATH = YES;
				SDKROOT = macosx;
				SWIFT_COMPILATION_MODE = wholemodule;
				SWIFT_OPTIMIZATION_LEVEL = "-O";
			};
			name = Release;
		};
		AA42DAEF2AA608720023BE29 /* Debug */ = {
			isa = XCBuildConfiguration;
			buildSettings = {
				ASSETCATALOG_COMPILER_APPICON_NAME = AppIcon;
				ASSETCATALOG_COMPILER_GLOBAL_ACCENT_COLOR_NAME = AccentColor;
				CODE_SIGN_ENTITLEMENTS = GrayScottMetal/GrayScottMetal.entitlements;
				CODE_SIGN_STYLE = Automatic;
				COMBINE_HIDPI_IMAGES = YES;
				CURRENT_PROJECT_VERSION = 1;
				DEVELOPMENT_ASSET_PATHS = "\"GrayScottMetal/Preview Content\"";
				ENABLE_PREVIEWS = YES;
				GENERATE_INFOPLIST_FILE = YES;
				INFOPLIST_KEY_NSHumanReadableCopyright = "";
				LD_RUNPATH_SEARCH_PATHS = (
					"$(inherited)",
					"@executable_path/../Frameworks",
				);
				MARKETING_VERSION = 1.0;
				PRODUCT_BUNDLE_IDENTIFIER = com.GavinWiggins.GrayScottMetal;
				PRODUCT_NAME = "$(TARGET_NAME)";
				SWIFT_EMIT_LOC_STRINGS = YES;
				SWIFT_VERSION = 5.0;
			};
			name = Debug;
		};
		AA42DAF02AA608720023BE29 /* Release */ = {
			isa = XCBuildConfiguration;
			buildSettings = {
				ASSETCATALOG_COMPILER_APPICON_NAME = AppIcon;
				ASSETCATALOG_COMPILER_GLOBAL_ACCENT_COLOR_NAME = AccentColor;
				CODE_SIGN_ENTITLEMENTS = GrayScottMetal/GrayScottMetal.entitlements;
				CODE_SIGN_STYLE = Automatic;
				COMBINE_HIDPI_IMAGES = YES;
				CURRENT_PROJECT_VERSION = 1;
				DEVELOPMENT_ASSET_PATHS = "\"GrayScottMetal/Preview Content\"";
				ENABLE_PREVIEWS = YES;
				GENERATE_INFOPLIST_FILE = YES;
				INFOPLIST_KEY_NSHumanReadableCopyright = "";
				LD_RUNPATH_SEARCH_PATHS = (
					"$(inherited)",
					"@executable_path/../Frameworks",
				);
				MARKETING_VERSION = 1.0;
				PRODUCT_BUNDLE_IDENTIFIER = com.GavinWiggins.GrayScottMetal;
				PRODUCT_NAME = "$(TARGET_NAME)";
				SWIFT_EMIT_LOC_STRINGS = YES;
				SWIFT_VERSION = 5.0;
			};
			name = Release;
		};
/* End XCBuildConfiguration section */

/* Begin XCConfigurationList section */
		AA42DADA2AA608700023BE29 /* Build configuration list for PBXProject "GrayScottMetal" */ = {
			isa = XCConfigurationList;
			buildConfigurations = (
				AA42DAEC2AA608720023BE29 /* Debug */,
				AA42DAED2AA608720023BE29 /* Release */,
			);
			defaultConfigurationIsVisible = 0;
			defaultConfigurationName = Release;
		};
		AA42DAEE2AA608720023BE29 /* Build configuration list for PBXNativeTarget "GrayScottMetal" */ = {
			isa = XCConfigurationList;
			buildConfigurations = (
				AA42DAEF2AA608720023BE29 /* Debug */,
				AA42DAF02AA608720023BE29 /* Release */,
			);
			defaultConfigurationIsVisible = 0;
			defaultConfigurationName = Release;
		};
/* End XCConfigurationList section */
	};
	rootObject = AA42DAD72AA608700023BE29 /* Project object */;
}
