// !$*UTF8*$!
{
	archiveVersion = 1;
	classes = {
	};
	objectVersion = 56;
	objects = {

/* Begin PBXBuildFile section */
		AA6331072A38029F004602DD /* grayscott_macosApp.swift in Sources */ = {isa = PBXBuildFile; fileRef = AA6331062A38029F004602DD /* grayscott_macosApp.swift */; };
		AA6331092A38029F004602DD /* ContentView.swift in Sources */ = {isa = PBXBuildFile; fileRef = AA6331082A38029F004602DD /* ContentView.swift */; };
		AA63310B2A3802A1004602DD /* Assets.xcassets in Resources */ = {isa = PBXBuildFile; fileRef = AA63310A2A3802A1004602DD /* Assets.xcassets */; };
		AA63310E2A3802A1004602DD /* Preview Assets.xcassets in Resources */ = {isa = PBXBuildFile; fileRef = AA63310D2A3802A1004602DD /* Preview Assets.xcassets */; };
		AA6331162A3804F3004602DD /* Matrix.swift in Sources */ = {isa = PBXBuildFile; fileRef = AA6331152A3804F3004602DD /* Matrix.swift */; };
		AA6331182A380555004602DD /* GrayScott.swift in Sources */ = {isa = PBXBuildFile; fileRef = AA6331172A380555004602DD /* GrayScott.swift */; };
		AAB0681E2A3963A10089AD18 /* Grid.swift in Sources */ = {isa = PBXBuildFile; fileRef = AAB0681D2A3963A10089AD18 /* Grid.swift */; };
/* End PBXBuildFile section */

/* Begin PBXFileReference section */
		AA6331032A38029F004602DD /* grayscott-macos.app */ = {isa = PBXFileReference; explicitFileType = wrapper.application; includeInIndex = 0; path = "grayscott-macos.app"; sourceTree = BUILT_PRODUCTS_DIR; };
		AA6331062A38029F004602DD /* grayscott_macosApp.swift */ = {isa = PBXFileReference; lastKnownFileType = sourcecode.swift; path = grayscott_macosApp.swift; sourceTree = "<group>"; };
		AA6331082A38029F004602DD /* ContentView.swift */ = {isa = PBXFileReference; lastKnownFileType = sourcecode.swift; path = ContentView.swift; sourceTree = "<group>"; };
		AA63310A2A3802A1004602DD /* Assets.xcassets */ = {isa = PBXFileReference; lastKnownFileType = folder.assetcatalog; path = Assets.xcassets; sourceTree = "<group>"; };
		AA63310D2A3802A1004602DD /* Preview Assets.xcassets */ = {isa = PBXFileReference; lastKnownFileType = folder.assetcatalog; path = "Preview Assets.xcassets"; sourceTree = "<group>"; };
		AA63310F2A3802A1004602DD /* grayscott_macos.entitlements */ = {isa = PBXFileReference; lastKnownFileType = text.plist.entitlements; path = grayscott_macos.entitlements; sourceTree = "<group>"; };
		AA6331152A3804F3004602DD /* Matrix.swift */ = {isa = PBXFileReference; lastKnownFileType = sourcecode.swift; path = Matrix.swift; sourceTree = "<group>"; };
		AA6331172A380555004602DD /* GrayScott.swift */ = {isa = PBXFileReference; lastKnownFileType = sourcecode.swift; path = GrayScott.swift; sourceTree = "<group>"; };
		AAB0681D2A3963A10089AD18 /* Grid.swift */ = {isa = PBXFileReference; lastKnownFileType = sourcecode.swift; path = Grid.swift; sourceTree = "<group>"; };
/* End PBXFileReference section */

/* Begin PBXFrameworksBuildPhase section */
		AA6331002A38029F004602DD /* Frameworks */ = {
			isa = PBXFrameworksBuildPhase;
			buildActionMask = 2147483647;
			files = (
			);
			runOnlyForDeploymentPostprocessing = 0;
		};
/* End PBXFrameworksBuildPhase section */

/* Begin PBXGroup section */
		AA6330FA2A38029F004602DD = {
			isa = PBXGroup;
			children = (
				AA6331052A38029F004602DD /* grayscott-macos */,
				AA6331042A38029F004602DD /* Products */,
			);
			sourceTree = "<group>";
		};
		AA6331042A38029F004602DD /* Products */ = {
			isa = PBXGroup;
			children = (
				AA6331032A38029F004602DD /* grayscott-macos.app */,
			);
			name = Products;
			sourceTree = "<group>";
		};
		AA6331052A38029F004602DD /* grayscott-macos */ = {
			isa = PBXGroup;
			children = (
				AA6331062A38029F004602DD /* grayscott_macosApp.swift */,
				AA6331082A38029F004602DD /* ContentView.swift */,
				AA6331152A3804F3004602DD /* Matrix.swift */,
				AA6331172A380555004602DD /* GrayScott.swift */,
				AAB0681D2A3963A10089AD18 /* Grid.swift */,
				AA63310A2A3802A1004602DD /* Assets.xcassets */,
				AA63310F2A3802A1004602DD /* grayscott_macos.entitlements */,
				AA63310C2A3802A1004602DD /* Preview Content */,
			);
			path = "grayscott-macos";
			sourceTree = "<group>";
		};
		AA63310C2A3802A1004602DD /* Preview Content */ = {
			isa = PBXGroup;
			children = (
				AA63310D2A3802A1004602DD /* Preview Assets.xcassets */,
			);
			path = "Preview Content";
			sourceTree = "<group>";
		};
/* End PBXGroup section */

/* Begin PBXNativeTarget section */
		AA6331022A38029F004602DD /* grayscott-macos */ = {
			isa = PBXNativeTarget;
			buildConfigurationList = AA6331122A3802A1004602DD /* Build configuration list for PBXNativeTarget "grayscott-macos" */;
			buildPhases = (
				AA6330FF2A38029F004602DD /* Sources */,
				AA6331002A38029F004602DD /* Frameworks */,
				AA6331012A38029F004602DD /* Resources */,
			);
			buildRules = (
			);
			dependencies = (
			);
			name = "grayscott-macos";
			productName = "grayscott-macos";
			productReference = AA6331032A38029F004602DD /* grayscott-macos.app */;
			productType = "com.apple.product-type.application";
		};
/* End PBXNativeTarget section */

/* Begin PBXProject section */
		AA6330FB2A38029F004602DD /* Project object */ = {
			isa = PBXProject;
			attributes = {
				BuildIndependentTargetsInParallel = 1;
				LastSwiftUpdateCheck = 1430;
				LastUpgradeCheck = 1430;
				TargetAttributes = {
					AA6331022A38029F004602DD = {
						CreatedOnToolsVersion = 14.3.1;
					};
				};
			};
			buildConfigurationList = AA6330FE2A38029F004602DD /* Build configuration list for PBXProject "grayscott-macos" */;
			compatibilityVersion = "Xcode 14.0";
			developmentRegion = en;
			hasScannedForEncodings = 0;
			knownRegions = (
				en,
				Base,
			);
			mainGroup = AA6330FA2A38029F004602DD;
			productRefGroup = AA6331042A38029F004602DD /* Products */;
			projectDirPath = "";
			projectRoot = "";
			targets = (
				AA6331022A38029F004602DD /* grayscott-macos */,
			);
		};
/* End PBXProject section */

/* Begin PBXResourcesBuildPhase section */
		AA6331012A38029F004602DD /* Resources */ = {
			isa = PBXResourcesBuildPhase;
			buildActionMask = 2147483647;
			files = (
				AA63310E2A3802A1004602DD /* Preview Assets.xcassets in Resources */,
				AA63310B2A3802A1004602DD /* Assets.xcassets in Resources */,
			);
			runOnlyForDeploymentPostprocessing = 0;
		};
/* End PBXResourcesBuildPhase section */

/* Begin PBXSourcesBuildPhase section */
		AA6330FF2A38029F004602DD /* Sources */ = {
			isa = PBXSourcesBuildPhase;
			buildActionMask = 2147483647;
			files = (
				AA6331092A38029F004602DD /* ContentView.swift in Sources */,
				AA6331072A38029F004602DD /* grayscott_macosApp.swift in Sources */,
				AA6331182A380555004602DD /* GrayScott.swift in Sources */,
				AAB0681E2A3963A10089AD18 /* Grid.swift in Sources */,
				AA6331162A3804F3004602DD /* Matrix.swift in Sources */,
			);
			runOnlyForDeploymentPostprocessing = 0;
		};
/* End PBXSourcesBuildPhase section */

/* Begin XCBuildConfiguration section */
		AA6331102A3802A1004602DD /* Debug */ = {
			isa = XCBuildConfiguration;
			buildSettings = {
				ALWAYS_SEARCH_USER_PATHS = NO;
				CLANG_ANALYZER_NONNULL = YES;
				CLANG_ANALYZER_NUMBER_OBJECT_CONVERSION = YES_AGGRESSIVE;
				CLANG_CXX_LANGUAGE_STANDARD = "gnu++20";
				CLANG_ENABLE_MODULES = YES;
				CLANG_ENABLE_OBJC_ARC = YES;
				CLANG_ENABLE_OBJC_WEAK = YES;
				CLANG_WARN_BLOCK_CAPTURE_AUTORELEASING = YES;
				CLANG_WARN_BOOL_CONVERSION = YES;
				CLANG_WARN_COMMA = YES;
				CLANG_WARN_CONSTANT_CONVERSION = YES;
				CLANG_WARN_DEPRECATED_OBJC_IMPLEMENTATIONS = YES;
				CLANG_WARN_DIRECT_OBJC_ISA_USAGE = YES_ERROR;
				CLANG_WARN_DOCUMENTATION_COMMENTS = YES;
				CLANG_WARN_EMPTY_BODY = YES;
				CLANG_WARN_ENUM_CONVERSION = YES;
				CLANG_WARN_INFINITE_RECURSION = YES;
				CLANG_WARN_INT_CONVERSION = YES;
				CLANG_WARN_NON_LITERAL_NULL_CONVERSION = YES;
				CLANG_WARN_OBJC_IMPLICIT_RETAIN_SELF = YES;
				CLANG_WARN_OBJC_LITERAL_CONVERSION = YES;
				CLANG_WARN_OBJC_ROOT_CLASS = YES_ERROR;
				CLANG_WARN_QUOTED_INCLUDE_IN_FRAMEWORK_HEADER = YES;
				CLANG_WARN_RANGE_LOOP_ANALYSIS = YES;
				CLANG_WARN_STRICT_PROTOTYPES = YES;
				CLANG_WARN_SUSPICIOUS_MOVE = YES;
				CLANG_WARN_UNGUARDED_AVAILABILITY = YES_AGGRESSIVE;
				CLANG_WARN_UNREACHABLE_CODE = YES;
				CLANG_WARN__DUPLICATE_METHOD_MATCH = YES;
				COPY_PHASE_STRIP = NO;
				DEBUG_INFORMATION_FORMAT = dwarf;
				ENABLE_STRICT_OBJC_MSGSEND = YES;
				ENABLE_TESTABILITY = YES;
				GCC_C_LANGUAGE_STANDARD = gnu11;
				GCC_DYNAMIC_NO_PIC = NO;
				GCC_NO_COMMON_BLOCKS = YES;
				GCC_OPTIMIZATION_LEVEL = 0;
				GCC_PREPROCESSOR_DEFINITIONS = (
					"DEBUG=1",
					"$(inherited)",
				);
				GCC_WARN_64_TO_32_BIT_CONVERSION = YES;
				GCC_WARN_ABOUT_RETURN_TYPE = YES_ERROR;
				GCC_WARN_UNDECLARED_SELECTOR = YES;
				GCC_WARN_UNINITIALIZED_AUTOS = YES_AGGRESSIVE;
				GCC_WARN_UNUSED_FUNCTION = YES;
				GCC_WARN_UNUSED_VARIABLE = YES;
				MACOSX_DEPLOYMENT_TARGET = 13.3;
				MTL_ENABLE_DEBUG_INFO = INCLUDE_SOURCE;
				MTL_FAST_MATH = YES;
				ONLY_ACTIVE_ARCH = YES;
				SDKROOT = macosx;
				SWIFT_ACTIVE_COMPILATION_CONDITIONS = DEBUG;
				SWIFT_OPTIMIZATION_LEVEL = "-Onone";
			};
			name = Debug;
		};
		AA6331112A3802A1004602DD /* Release */ = {
			isa = XCBuildConfiguration;
			buildSettings = {
				ALWAYS_SEARCH_USER_PATHS = NO;
				CLANG_ANALYZER_NONNULL = YES;
				CLANG_ANALYZER_NUMBER_OBJECT_CONVERSION = YES_AGGRESSIVE;
				CLANG_CXX_LANGUAGE_STANDARD = "gnu++20";
				CLANG_ENABLE_MODULES = YES;
				CLANG_ENABLE_OBJC_ARC = YES;
				CLANG_ENABLE_OBJC_WEAK = YES;
				CLANG_WARN_BLOCK_CAPTURE_AUTORELEASING = YES;
				CLANG_WARN_BOOL_CONVERSION = YES;
				CLANG_WARN_COMMA = YES;
				CLANG_WARN_CONSTANT_CONVERSION = YES;
				CLANG_WARN_DEPRECATED_OBJC_IMPLEMENTATIONS = YES;
				CLANG_WARN_DIRECT_OBJC_ISA_USAGE = YES_ERROR;
				CLANG_WARN_DOCUMENTATION_COMMENTS = YES;
				CLANG_WARN_EMPTY_BODY = YES;
				CLANG_WARN_ENUM_CONVERSION = YES;
				CLANG_WARN_INFINITE_RECURSION = YES;
				CLANG_WARN_INT_CONVERSION = YES;
				CLANG_WARN_NON_LITERAL_NULL_CONVERSION = YES;
				CLANG_WARN_OBJC_IMPLICIT_RETAIN_SELF = YES;
				CLANG_WARN_OBJC_LITERAL_CONVERSION = YES;
				CLANG_WARN_OBJC_ROOT_CLASS = YES_ERROR;
				CLANG_WARN_QUOTED_INCLUDE_IN_FRAMEWORK_HEADER = YES;
				CLANG_WARN_RANGE_LOOP_ANALYSIS = YES;
				CLANG_WARN_STRICT_PROTOTYPES = YES;
				CLANG_WARN_SUSPICIOUS_MOVE = YES;
				CLANG_WARN_UNGUARDED_AVAILABILITY = YES_AGGRESSIVE;
				CLANG_WARN_UNREACHABLE_CODE = YES;
				CLANG_WARN__DUPLICATE_METHOD_MATCH = YES;
				COPY_PHASE_STRIP = NO;
				DEBUG_INFORMATION_FORMAT = "dwarf-with-dsym";
				ENABLE_NS_ASSERTIONS = NO;
				ENABLE_STRICT_OBJC_MSGSEND = YES;
				GCC_C_LANGUAGE_STANDARD = gnu11;
				GCC_NO_COMMON_BLOCKS = YES;
				GCC_WARN_64_TO_32_BIT_CONVERSION = YES;
				GCC_WARN_ABOUT_RETURN_TYPE = YES_ERROR;
				GCC_WARN_UNDECLARED_SELECTOR = YES;
				GCC_WARN_UNINITIALIZED_AUTOS = YES_AGGRESSIVE;
				GCC_WARN_UNUSED_FUNCTION = YES;
				GCC_WARN_UNUSED_VARIABLE = YES;
				MACOSX_DEPLOYMENT_TARGET = 13.3;
				MTL_ENABLE_DEBUG_INFO = NO;
				MTL_FAST_MATH = YES;
				SDKROOT = macosx;
				SWIFT_COMPILATION_MODE = wholemodule;
				SWIFT_OPTIMIZATION_LEVEL = "-O";
			};
			name = Release;
		};
		AA6331132A3802A1004602DD /* Debug */ = {
			isa = XCBuildConfiguration;
			buildSettings = {
				ASSETCATALOG_COMPILER_APPICON_NAME = AppIcon;
				ASSETCATALOG_COMPILER_GLOBAL_ACCENT_COLOR_NAME = AccentColor;
				CODE_SIGN_ENTITLEMENTS = "grayscott-macos/grayscott_macos.entitlements";
				CODE_SIGN_STYLE = Automatic;
				COMBINE_HIDPI_IMAGES = YES;
				CURRENT_PROJECT_VERSION = 1;
				DEVELOPMENT_ASSET_PATHS = "\"grayscott-macos/Preview Content\"";
				ENABLE_PREVIEWS = YES;
				GENERATE_INFOPLIST_FILE = YES;
				INFOPLIST_KEY_NSHumanReadableCopyright = "";
				LD_RUNPATH_SEARCH_PATHS = (
					"$(inherited)",
					"@executable_path/../Frameworks",
				);
				MARKETING_VERSION = 1.0;
				PRODUCT_BUNDLE_IDENTIFIER = "com.GavinWiggins.grayscott-macos";
				PRODUCT_NAME = "$(TARGET_NAME)";
				SWIFT_EMIT_LOC_STRINGS = YES;
				SWIFT_VERSION = 5.0;
			};
			name = Debug;
		};
		AA6331142A3802A1004602DD /* Release */ = {
			isa = XCBuildConfiguration;
			buildSettings = {
				ASSETCATALOG_COMPILER_APPICON_NAME = AppIcon;
				ASSETCATALOG_COMPILER_GLOBAL_ACCENT_COLOR_NAME = AccentColor;
				CODE_SIGN_ENTITLEMENTS = "grayscott-macos/grayscott_macos.entitlements";
				CODE_SIGN_STYLE = Automatic;
				COMBINE_HIDPI_IMAGES = YES;
				CURRENT_PROJECT_VERSION = 1;
				DEVELOPMENT_ASSET_PATHS = "\"grayscott-macos/Preview Content\"";
				ENABLE_PREVIEWS = YES;
				GENERATE_INFOPLIST_FILE = YES;
				INFOPLIST_KEY_NSHumanReadableCopyright = "";
				LD_RUNPATH_SEARCH_PATHS = (
					"$(inherited)",
					"@executable_path/../Frameworks",
				);
				MARKETING_VERSION = 1.0;
				PRODUCT_BUNDLE_IDENTIFIER = "com.GavinWiggins.grayscott-macos";
				PRODUCT_NAME = "$(TARGET_NAME)";
				SWIFT_EMIT_LOC_STRINGS = YES;
				SWIFT_VERSION = 5.0;
			};
			name = Release;
		};
/* End XCBuildConfiguration section */

/* Begin XCConfigurationList section */
		AA6330FE2A38029F004602DD /* Build configuration list for PBXProject "grayscott-macos" */ = {
			isa = XCConfigurationList;
			buildConfigurations = (
				AA6331102A3802A1004602DD /* Debug */,
				AA6331112A3802A1004602DD /* Release */,
			);
			defaultConfigurationIsVisible = 0;
			defaultConfigurationName = Release;
		};
		AA6331122A3802A1004602DD /* Build configuration list for PBXNativeTarget "grayscott-macos" */ = {
			isa = XCConfigurationList;
			buildConfigurations = (
				AA6331132A3802A1004602DD /* Debug */,
				AA6331142A3802A1004602DD /* Release */,
			);
			defaultConfigurationIsVisible = 0;
			defaultConfigurationName = Release;
		};
/* End XCConfigurationList section */
	};
	rootObject = AA6330FB2A38029F004602DD /* Project object */;
}
